
Microsoft Visual Studio Solution File, Format Version 12.00
# Visual Studio Version 16
VisualStudioVersion = 16.0.31112.23
MinimumVisualStudioVersion = 10.0.40219.1
Project("{FAE04EC0-301F-11D3-BF4B-00C04F79EFBC}") = "Support to create DST dedicated server", "Support to create DST dedicated server\Support to create DST dedicated server.csproj", "{7F6D9313-04DD-4DF8-8BC6-F2885ECB46D6}"
EndProject
Global
	GlobalSection(SolutionConfigurationPlatforms) = preSolution
		Debug|Any CPU = Debug|Any CPU
		Release|Any CPU = Release|Any CPU
	EndGlobalSection
	GlobalSection(ProjectConfigurationPlatforms) = postSolution
		{7F6D9313-04DD-4DF8-8BC6-F2885ECB46D6}.Debug|Any CPU.ActiveCfg = Debug|Any CPU
		{7F6D9313-04DD-4DF8-8BC6-F2885ECB46D6}.Debug|Any CPU.Build.0 = Debug|Any CPU
		{7F6D9313-04DD-4DF8-8BC6-F2885ECB46D6}.Release|Any CPU.ActiveCfg = Release|Any CPU
		{7F6D9313-04DD-4DF8-8BC6-F2885ECB46D6}.Release|Any CPU.Build.0 = Release|Any CPU
	EndGlobalSection
	GlobalSection(SolutionProperties) = preSolution
		HideSolutionNode = FALSE
	EndGlobalSection
	GlobalSection(ExtensibilityGlobals) = postSolution
		SolutionGuid = {E1A3B6E5-37AF-48D3-BA0B-8406B7E706B0}
	EndGlobalSection
EndGlobal
